// !$*UTF8*$!
{
	archiveVersion = 1;
	classes = {
	};
	objectVersion = 51;
	objects = {

/* Begin PBXBuildFile section */
		2921953825409F3C00715FAB /* AppDelegate.swift in Sources */ = {isa = PBXBuildFile; fileRef = 2921953725409F3C00715FAB /* AppDelegate.swift */; };
		2921953E25409F3C00715FAB /* GameScene.swift in Sources */ = {isa = PBXBuildFile; fileRef = 2921953D25409F3C00715FAB /* GameScene.swift */; };
		2921954025409F3C00715FAB /* GameViewController.swift in Sources */ = {isa = PBXBuildFile; fileRef = 2921953F25409F3C00715FAB /* GameViewController.swift */; };
		2921954325409F3C00715FAB /* Main.storyboard in Resources */ = {isa = PBXBuildFile; fileRef = 2921954125409F3C00715FAB /* Main.storyboard */; };
		2921954525409F4000715FAB /* Assets.xcassets in Resources */ = {isa = PBXBuildFile; fileRef = 2921954425409F4000715FAB /* Assets.xcassets */; };
		293CB4D5257C442300107407 /* RootPageViewController.swift in Sources */ = {isa = PBXBuildFile; fileRef = 293CB4D4257C442300107407 /* RootPageViewController.swift */; };
		29C7900C25473B2C00D5AE94 /* ColoShape.swift in Sources */ = {isa = PBXBuildFile; fileRef = 29C7900B25473B2C00D5AE94 /* ColoShape.swift */; };
		29C790102547591800D5AE94 /* GameOverScene.swift in Sources */ = {isa = PBXBuildFile; fileRef = 29C7900F2547591800D5AE94 /* GameOverScene.swift */; };
		29D5BB6725897713001295D2 /* StoreKit.framework in Frameworks */ = {isa = PBXBuildFile; fileRef = 29D5BB6625897713001295D2 /* StoreKit.framework */; };
		29D9C32C257B2AE700F253F1 /* Comfortaa.ttf in Resources */ = {isa = PBXBuildFile; fileRef = 29D9C32B257B2AE700F253F1 /* Comfortaa.ttf */; };
		29D9C32F257B2AF600F253F1 /* SquadaOne.ttf in Resources */ = {isa = PBXBuildFile; fileRef = 29D9C32E257B2AF600F253F1 /* SquadaOne.ttf */; };
		29DE6743257ADC6B002B02B7 /* gameOver.m4a in Resources */ = {isa = PBXBuildFile; fileRef = 29DE6741257ADC6B002B02B7 /* gameOver.m4a */; };
		29DE6747257ADC9C002B02B7 /* impact.m4a in Resources */ = {isa = PBXBuildFile; fileRef = 29DE6746257ADC9C002B02B7 /* impact.m4a */; };
		29EC48732571A077007FE4FB /* SettingsViewController.swift in Sources */ = {isa = PBXBuildFile; fileRef = 29EC48722571A077007FE4FB /* SettingsViewController.swift */; };
		DB2031E34F2E9AADB2D80643 /* Pods_ColoShape.framework in Frameworks */ = {isa = PBXBuildFile; fileRef = 2BE0698134241A38D593D433 /* Pods_ColoShape.framework */; };
/* End PBXBuildFile section */

/* Begin PBXFileReference section */
		2921953425409F3C00715FAB /* ColoShape.app */ = {isa = PBXFileReference; explicitFileType = wrapper.application; includeInIndex = 0; path = ColoShape.app; sourceTree = BUILT_PRODUCTS_DIR; };
		2921953725409F3C00715FAB /* AppDelegate.swift */ = {isa = PBXFileReference; lastKnownFileType = sourcecode.swift; path = AppDelegate.swift; sourceTree = "<group>"; };
		2921953D25409F3C00715FAB /* GameScene.swift */ = {isa = PBXFileReference; lastKnownFileType = sourcecode.swift; path = GameScene.swift; sourceTree = "<group>"; };
		2921953F25409F3C00715FAB /* GameViewController.swift */ = {isa = PBXFileReference; lastKnownFileType = sourcecode.swift; path = GameViewController.swift; sourceTree = "<group>"; };
		2921954225409F3C00715FAB /* Base */ = {isa = PBXFileReference; lastKnownFileType = file.storyboard; name = Base; path = Base.lproj/Main.storyboard; sourceTree = "<group>"; };
		2921954425409F4000715FAB /* Assets.xcassets */ = {isa = PBXFileReference; lastKnownFileType = folder.assetcatalog; path = Assets.xcassets; sourceTree = "<group>"; };
		2921954625409F4000715FAB /* Info.plist */ = {isa = PBXFileReference; lastKnownFileType = text.plist.xml; path = Info.plist; sourceTree = "<group>"; };
		293CB4D4257C442300107407 /* RootPageViewController.swift */ = {isa = PBXFileReference; lastKnownFileType = sourcecode.swift; path = RootPageViewController.swift; sourceTree = "<group>"; };
		29C7900B25473B2C00D5AE94 /* ColoShape.swift */ = {isa = PBXFileReference; lastKnownFileType = sourcecode.swift; path = ColoShape.swift; sourceTree = "<group>"; };
		29C7900F2547591800D5AE94 /* GameOverScene.swift */ = {isa = PBXFileReference; lastKnownFileType = sourcecode.swift; path = GameOverScene.swift; sourceTree = "<group>"; };
		29D5BB6625897713001295D2 /* StoreKit.framework */ = {isa = PBXFileReference; lastKnownFileType = wrapper.framework; name = StoreKit.framework; path = System/Library/Frameworks/StoreKit.framework; sourceTree = SDKROOT; };
		29D9C32B257B2AE700F253F1 /* Comfortaa.ttf */ = {isa = PBXFileReference; lastKnownFileType = file; path = Comfortaa.ttf; sourceTree = "<group>"; };
		29D9C32E257B2AF600F253F1 /* SquadaOne.ttf */ = {isa = PBXFileReference; lastKnownFileType = file; path = SquadaOne.ttf; sourceTree = "<group>"; };
		29DE6741257ADC6B002B02B7 /* gameOver.m4a */ = {isa = PBXFileReference; lastKnownFileType = file; path = gameOver.m4a; sourceTree = "<group>"; };
		29DE6746257ADC9C002B02B7 /* impact.m4a */ = {isa = PBXFileReference; lastKnownFileType = file; path = impact.m4a; sourceTree = "<group>"; };
		29EC48722571A077007FE4FB /* SettingsViewController.swift */ = {isa = PBXFileReference; lastKnownFileType = sourcecode.swift; path = SettingsViewController.swift; sourceTree = "<group>"; };
		2BE0698134241A38D593D433 /* Pods_ColoShape.framework */ = {isa = PBXFileReference; explicitFileType = wrapper.framework; includeInIndex = 0; path = Pods_ColoShape.framework; sourceTree = BUILT_PRODUCTS_DIR; };
		A988D61C7A892A9AE30529B0 /* Pods-ColoShape.debug.xcconfig */ = {isa = PBXFileReference; includeInIndex = 1; lastKnownFileType = text.xcconfig; name = "Pods-ColoShape.debug.xcconfig"; path = "Target Support Files/Pods-ColoShape/Pods-ColoShape.debug.xcconfig"; sourceTree = "<group>"; };
		E76BDC78EE2B8CCA2FD85BB4 /* Pods-ColoShape.release.xcconfig */ = {isa = PBXFileReference; includeInIndex = 1; lastKnownFileType = text.xcconfig; name = "Pods-ColoShape.release.xcconfig"; path = "Target Support Files/Pods-ColoShape/Pods-ColoShape.release.xcconfig"; sourceTree = "<group>"; };
/* End PBXFileReference section */

/* Begin PBXFrameworksBuildPhase section */
		2921953125409F3C00715FAB /* Frameworks */ = {
			isa = PBXFrameworksBuildPhase;
			buildActionMask = 2147483647;
			files = (
				DB2031E34F2E9AADB2D80643 /* Pods_ColoShape.framework in Frameworks */,
				29D5BB6725897713001295D2 /* StoreKit.framework in Frameworks */,
			);
			runOnlyForDeploymentPostprocessing = 0;
		};
/* End PBXFrameworksBuildPhase section */

/* Begin PBXGroup section */
		2921952B25409F3C00715FAB = {
			isa = PBXGroup;
			children = (
				2921953625409F3C00715FAB /* ColoShape */,
				2921953525409F3C00715FAB /* Products */,
				9E9120302E5FA503847D9D18 /* Pods */,
				8EFD32F15A6A77B2989432E5 /* Frameworks */,
			);
			sourceTree = "<group>";
		};
		2921953525409F3C00715FAB /* Products */ = {
			isa = PBXGroup;
			children = (
				2921953425409F3C00715FAB /* ColoShape.app */,
			);
			name = Products;
			sourceTree = "<group>";
		};
		2921953625409F3C00715FAB /* ColoShape */ = {
			isa = PBXGroup;
			children = (
				29DD64B925815DAE00D9C714 /* Sounds */,
				29DD64B825815DAC00D9C714 /* Fonts */,
				2921953725409F3C00715FAB /* AppDelegate.swift */,
				29C7900B25473B2C00D5AE94 /* ColoShape.swift */,
				29C7900F2547591800D5AE94 /* GameOverScene.swift */,
				2921953D25409F3C00715FAB /* GameScene.swift */,
				2921953F25409F3C00715FAB /* GameViewController.swift */,
				2921954125409F3C00715FAB /* Main.storyboard */,
				29EC48722571A077007FE4FB /* SettingsViewController.swift */,
				293CB4D4257C442300107407 /* RootPageViewController.swift */,
				2921954425409F4000715FAB /* Assets.xcassets */,
				2921954625409F4000715FAB /* Info.plist */,
			);
			path = ColoShape;
			sourceTree = "<group>";
		};
		29DD64B825815DAC00D9C714 /* Fonts */ = {
			isa = PBXGroup;
			children = (
				29D9C32B257B2AE700F253F1 /* Comfortaa.ttf */,
				29D9C32E257B2AF600F253F1 /* SquadaOne.ttf */,
			);
			path = Fonts;
			sourceTree = "<group>";
		};
		29DD64B925815DAE00D9C714 /* Sounds */ = {
			isa = PBXGroup;
			children = (
				29DE6741257ADC6B002B02B7 /* gameOver.m4a */,
				29DE6746257ADC9C002B02B7 /* impact.m4a */,
			);
			path = Sounds;
			sourceTree = "<group>";
		};
		8EFD32F15A6A77B2989432E5 /* Frameworks */ = {
			isa = PBXGroup;
			children = (
				29D5BB6625897713001295D2 /* StoreKit.framework */,
				2BE0698134241A38D593D433 /* Pods_ColoShape.framework */,
			);
			name = Frameworks;
			sourceTree = "<group>";
		};
		9E9120302E5FA503847D9D18 /* Pods */ = {
			isa = PBXGroup;
			children = (
				A988D61C7A892A9AE30529B0 /* Pods-ColoShape.debug.xcconfig */,
				E76BDC78EE2B8CCA2FD85BB4 /* Pods-ColoShape.release.xcconfig */,
			);
			path = Pods;
			sourceTree = "<group>";
		};
/* End PBXGroup section */

/* Begin PBXNativeTarget section */
		2921953325409F3C00715FAB /* ColoShape */ = {
			isa = PBXNativeTarget;
			buildConfigurationList = 2921954925409F4000715FAB /* Build configuration list for PBXNativeTarget "ColoShape" */;
			buildPhases = (
				0747B8910B2FDE3E2747E477 /* [CP] Check Pods Manifest.lock */,
				2921953025409F3C00715FAB /* Sources */,
				2921953125409F3C00715FAB /* Frameworks */,
				2921953225409F3C00715FAB /* Resources */,
			);
			buildRules = (
			);
			dependencies = (
			);
			name = ColoShape;
			productName = ColoShape;
			productReference = 2921953425409F3C00715FAB /* ColoShape.app */;
			productType = "com.apple.product-type.application";
		};
/* End PBXNativeTarget section */

/* Begin PBXProject section */
		2921952C25409F3C00715FAB /* Project object */ = {
			isa = PBXProject;
			attributes = {
				LastSwiftUpdateCheck = 1200;
				LastUpgradeCheck = 1200;
				TargetAttributes = {
					2921953325409F3C00715FAB = {
						CreatedOnToolsVersion = 12.0.1;
					};
				};
			};
			buildConfigurationList = 2921952F25409F3C00715FAB /* Build configuration list for PBXProject "ColoShape" */;
			compatibilityVersion = "Xcode 9.3";
			developmentRegion = en;
			hasScannedForEncodings = 0;
			knownRegions = (
				en,
				Base,
			);
			mainGroup = 2921952B25409F3C00715FAB;
			productRefGroup = 2921953525409F3C00715FAB /* Products */;
			projectDirPath = "";
			projectRoot = "";
			targets = (
				2921953325409F3C00715FAB /* ColoShape */,
			);
		};
/* End PBXProject section */

/* Begin PBXResourcesBuildPhase section */
		2921953225409F3C00715FAB /* Resources */ = {
			isa = PBXResourcesBuildPhase;
			buildActionMask = 2147483647;
			files = (
				29D9C32F257B2AF600F253F1 /* SquadaOne.ttf in Resources */,
				29DE6747257ADC9C002B02B7 /* impact.m4a in Resources */,
				2921954325409F3C00715FAB /* Main.storyboard in Resources */,
				29DE6743257ADC6B002B02B7 /* gameOver.m4a in Resources */,
				2921954525409F4000715FAB /* Assets.xcassets in Resources */,
				29D9C32C257B2AE700F253F1 /* Comfortaa.ttf in Resources */,
			);
			runOnlyForDeploymentPostprocessing = 0;
		};
/* End PBXResourcesBuildPhase section */

/* Begin PBXShellScriptBuildPhase section */
		0747B8910B2FDE3E2747E477 /* [CP] Check Pods Manifest.lock */ = {
			isa = PBXShellScriptBuildPhase;
			buildActionMask = 2147483647;
			files = (
			);
			inputFileListPaths = (
			);
			inputPaths = (
				"${PODS_PODFILE_DIR_PATH}/Podfile.lock",
				"${PODS_ROOT}/Manifest.lock",
			);
			name = "[CP] Check Pods Manifest.lock";
			outputFileListPaths = (
			);
			outputPaths = (
				"$(DERIVED_FILE_DIR)/Pods-ColoShape-checkManifestLockResult.txt",
			);
			runOnlyForDeploymentPostprocessing = 0;
			shellPath = /bin/sh;
			shellScript = "diff \"${PODS_PODFILE_DIR_PATH}/Podfile.lock\" \"${PODS_ROOT}/Manifest.lock\" > /dev/null\nif [ $? != 0 ] ; then\n    # print error to STDERR\n    echo \"error: The sandbox is not in sync with the Podfile.lock. Run 'pod install' or update your CocoaPods installation.\" >&2\n    exit 1\nfi\n# This output is used by Xcode 'outputs' to avoid re-running this script phase.\necho \"SUCCESS\" > \"${SCRIPT_OUTPUT_FILE_0}\"\n";
			showEnvVarsInLog = 0;
		};
/* End PBXShellScriptBuildPhase section */

/* Begin PBXSourcesBuildPhase section */
		2921953025409F3C00715FAB /* Sources */ = {
			isa = PBXSourcesBuildPhase;
			buildActionMask = 2147483647;
			files = (
				29C790102547591800D5AE94 /* GameOverScene.swift in Sources */,
				29C7900C25473B2C00D5AE94 /* ColoShape.swift in Sources */,
				2921953E25409F3C00715FAB /* GameScene.swift in Sources */,
				2921954025409F3C00715FAB /* GameViewController.swift in Sources */,
				293CB4D5257C442300107407 /* RootPageViewController.swift in Sources */,
				2921953825409F3C00715FAB /* AppDelegate.swift in Sources */,
				29EC48732571A077007FE4FB /* SettingsViewController.swift in Sources */,
			);
			runOnlyForDeploymentPostprocessing = 0;
		};
/* End PBXSourcesBuildPhase section */

/* Begin PBXVariantGroup section */
		2921954125409F3C00715FAB /* Main.storyboard */ = {
			isa = PBXVariantGroup;
			children = (
				2921954225409F3C00715FAB /* Base */,
			);
			name = Main.storyboard;
			sourceTree = "<group>";
		};
/* End PBXVariantGroup section */

/* Begin XCBuildConfiguration section */
		2921954725409F4000715FAB /* Debug */ = {
			isa = XCBuildConfiguration;
			buildSettings = {
				ALWAYS_SEARCH_USER_PATHS = NO;
				CLANG_ANALYZER_NONNULL = YES;
				CLANG_ANALYZER_NUMBER_OBJECT_CONVERSION = YES_AGGRESSIVE;
				CLANG_CXX_LANGUAGE_STANDARD = "gnu++14";
				CLANG_CXX_LIBRARY = "libc++";
				CLANG_ENABLE_MODULES = YES;
				CLANG_ENABLE_OBJC_ARC = YES;
				CLANG_ENABLE_OBJC_WEAK = YES;
				CLANG_WARN_BLOCK_CAPTURE_AUTORELEASING = YES;
				CLANG_WARN_BOOL_CONVERSION = YES;
				CLANG_WARN_COMMA = YES;
				CLANG_WARN_CONSTANT_CONVERSION = YES;
				CLANG_WARN_DEPRECATED_OBJC_IMPLEMENTATIONS = YES;
				CLANG_WARN_DIRECT_OBJC_ISA_USAGE = YES_ERROR;
				CLANG_WARN_DOCUMENTATION_COMMENTS = YES;
				CLANG_WARN_EMPTY_BODY = YES;
				CLANG_WARN_ENUM_CONVERSION = YES;
				CLANG_WARN_INFINITE_RECURSION = YES;
				CLANG_WARN_INT_CONVERSION = YES;
				CLANG_WARN_NON_LITERAL_NULL_CONVERSION = YES;
				CLANG_WARN_OBJC_IMPLICIT_RETAIN_SELF = YES;
				CLANG_WARN_OBJC_LITERAL_CONVERSION = YES;
				CLANG_WARN_OBJC_ROOT_CLASS = YES_ERROR;
				CLANG_WARN_QUOTED_INCLUDE_IN_FRAMEWORK_HEADER = YES;
				CLANG_WARN_RANGE_LOOP_ANALYSIS = YES;
				CLANG_WARN_STRICT_PROTOTYPES = YES;
				CLANG_WARN_SUSPICIOUS_MOVE = YES;
				CLANG_WARN_UNGUARDED_AVAILABILITY = YES_AGGRESSIVE;
				CLANG_WARN_UNREACHABLE_CODE = YES;
				CLANG_WARN__DUPLICATE_METHOD_MATCH = YES;
				COPY_PHASE_STRIP = NO;
				DEBUG_INFORMATION_FORMAT = dwarf;
				ENABLE_STRICT_OBJC_MSGSEND = YES;
				ENABLE_TESTABILITY = YES;
				GCC_C_LANGUAGE_STANDARD = gnu11;
				GCC_DYNAMIC_NO_PIC = NO;
				GCC_NO_COMMON_BLOCKS = YES;
				GCC_OPTIMIZATION_LEVEL = 0;
				GCC_PREPROCESSOR_DEFINITIONS = (
					"DEBUG=1",
					"$(inherited)",
				);
				GCC_WARN_64_TO_32_BIT_CONVERSION = YES;
				GCC_WARN_ABOUT_RETURN_TYPE = YES_ERROR;
				GCC_WARN_UNDECLARED_SELECTOR = YES;
				GCC_WARN_UNINITIALIZED_AUTOS = YES_AGGRESSIVE;
				GCC_WARN_UNUSED_FUNCTION = YES;
				GCC_WARN_UNUSED_VARIABLE = YES;
				IPHONEOS_DEPLOYMENT_TARGET = 13.0;
				MTL_ENABLE_DEBUG_INFO = INCLUDE_SOURCE;
				MTL_FAST_MATH = YES;
				ONLY_ACTIVE_ARCH = YES;
				SDKROOT = iphoneos;
				SWIFT_ACTIVE_COMPILATION_CONDITIONS = DEBUG;
				SWIFT_OPTIMIZATION_LEVEL = "-Onone";
			};
			name = Debug;
		};
		2921954825409F4000715FAB /* Release */ = {
			isa = XCBuildConfiguration;
			buildSettings = {
				ALWAYS_SEARCH_USER_PATHS = NO;
				CLANG_ANALYZER_NONNULL = YES;
				CLANG_ANALYZER_NUMBER_OBJECT_CONVERSION = YES_AGGRESSIVE;
				CLANG_CXX_LANGUAGE_STANDARD = "gnu++14";
				CLANG_CXX_LIBRARY = "libc++";
				CLANG_ENABLE_MODULES = YES;
				CLANG_ENABLE_OBJC_ARC = YES;
				CLANG_ENABLE_OBJC_WEAK = YES;
				CLANG_WARN_BLOCK_CAPTURE_AUTORELEASING = YES;
				CLANG_WARN_BOOL_CONVERSION = YES;
				CLANG_WARN_COMMA = YES;
				CLANG_WARN_CONSTANT_CONVERSION = YES;
				CLANG_WARN_DEPRECATED_OBJC_IMPLEMENTATIONS = YES;
				CLANG_WARN_DIRECT_OBJC_ISA_USAGE = YES_ERROR;
				CLANG_WARN_DOCUMENTATION_COMMENTS = YES;
				CLANG_WARN_EMPTY_BODY = YES;
				CLANG_WARN_ENUM_CONVERSION = YES;
				CLANG_WARN_INFINITE_RECURSION = YES;
				CLANG_WARN_INT_CONVERSION = YES;
				CLANG_WARN_NON_LITERAL_NULL_CONVERSION = YES;
				CLANG_WARN_OBJC_IMPLICIT_RETAIN_SELF = YES;
				CLANG_WARN_OBJC_LITERAL_CONVERSION = YES;
				CLANG_WARN_OBJC_ROOT_CLASS = YES_ERROR;
				CLANG_WARN_QUOTED_INCLUDE_IN_FRAMEWORK_HEADER = YES;
				CLANG_WARN_RANGE_LOOP_ANALYSIS = YES;
				CLANG_WARN_STRICT_PROTOTYPES = YES;
				CLANG_WARN_SUSPICIOUS_MOVE = YES;
				CLANG_WARN_UNGUARDED_AVAILABILITY = YES_AGGRESSIVE;
				CLANG_WARN_UNREACHABLE_CODE = YES;
				CLANG_WARN__DUPLICATE_METHOD_MATCH = YES;
				COPY_PHASE_STRIP = NO;
				DEBUG_INFORMATION_FORMAT = "dwarf-with-dsym";
				ENABLE_NS_ASSERTIONS = NO;
				ENABLE_STRICT_OBJC_MSGSEND = YES;
				GCC_C_LANGUAGE_STANDARD = gnu11;
				GCC_NO_COMMON_BLOCKS = YES;
				GCC_WARN_64_TO_32_BIT_CONVERSION = YES;
				GCC_WARN_ABOUT_RETURN_TYPE = YES_ERROR;
				GCC_WARN_UNDECLARED_SELECTOR = YES;
				GCC_WARN_UNINITIALIZED_AUTOS = YES_AGGRESSIVE;
				GCC_WARN_UNUSED_FUNCTION = YES;
				GCC_WARN_UNUSED_VARIABLE = YES;
				IPHONEOS_DEPLOYMENT_TARGET = 13.0;
				MTL_ENABLE_DEBUG_INFO = NO;
				MTL_FAST_MATH = YES;
				SDKROOT = iphoneos;
				SWIFT_COMPILATION_MODE = wholemodule;
				SWIFT_OPTIMIZATION_LEVEL = "-O";
				VALIDATE_PRODUCT = YES;
			};
			name = Release;
		};
		2921954A25409F4000715FAB /* Debug */ = {
			isa = XCBuildConfiguration;
			baseConfigurationReference = A988D61C7A892A9AE30529B0 /* Pods-ColoShape.debug.xcconfig */;
			buildSettings = {
				ASSETCATALOG_COMPILER_APPICON_NAME = AppIcon;
				ASSETCATALOG_COMPILER_GLOBAL_ACCENT_COLOR_NAME = AccentColor;
				CODE_SIGN_STYLE = Automatic;
				DEVELOPMENT_TEAM = 3SXFHNCTW2;
				INFOPLIST_FILE = ColoShape/Info.plist;
				IPHONEOS_DEPLOYMENT_TARGET = 13.0;
				LD_RUNPATH_SEARCH_PATHS = (
					"$(inherited)",
					"@executable_path/Frameworks",
				);
				PRODUCT_BUNDLE_IDENTIFIER = com.daviszarins.ColoShape;
				PRODUCT_NAME = "$(TARGET_NAME)";
				SWIFT_VERSION = 5.0;
				TARGETED_DEVICE_FAMILY = "1,2";
			};
			name = Debug;
		};
		2921954B25409F4000715FAB /* Release */ = {
			isa = XCBuildConfiguration;
			baseConfigurationReference = E76BDC78EE2B8CCA2FD85BB4 /* Pods-ColoShape.release.xcconfig */;
			buildSettings = {
				ASSETCATALOG_COMPILER_APPICON_NAME = AppIcon;
				ASSETCATALOG_COMPILER_GLOBAL_ACCENT_COLOR_NAME = AccentColor;
				CODE_SIGN_STYLE = Automatic;
				DEVELOPMENT_TEAM = 3SXFHNCTW2;
				INFOPLIST_FILE = ColoShape/Info.plist;
				IPHONEOS_DEPLOYMENT_TARGET = 13.0;
				LD_RUNPATH_SEARCH_PATHS = (
					"$(inherited)",
					"@executable_path/Frameworks",
				);
				PRODUCT_BUNDLE_IDENTIFIER = com.daviszarins.ColoShape;
				PRODUCT_NAME = "$(TARGET_NAME)";
				SWIFT_VERSION = 5.0;
				TARGETED_DEVICE_FAMILY = "1,2";
			};
			name = Release;
		};
/* End XCBuildConfiguration section */

/* Begin XCConfigurationList section */
		2921952F25409F3C00715FAB /* Build configuration list for PBXProject "ColoShape" */ = {
			isa = XCConfigurationList;
			buildConfigurations = (
				2921954725409F4000715FAB /* Debug */,
				2921954825409F4000715FAB /* Release */,
			);
			defaultConfigurationIsVisible = 0;
			defaultConfigurationName = Release;
		};
		2921954925409F4000715FAB /* Build configuration list for PBXNativeTarget "ColoShape" */ = {
			isa = XCConfigurationList;
			buildConfigurations = (
				2921954A25409F4000715FAB /* Debug */,
				2921954B25409F4000715FAB /* Release */,
			);
			defaultConfigurationIsVisible = 0;
			defaultConfigurationName = Release;
		};
/* End XCConfigurationList section */
	};
	rootObject = 2921952C25409F3C00715FAB /* Project object */;
}
